
Microsoft Visual Studio Solution File, Format Version 12.00
# Visual Studio Version 17
VisualStudioVersion = 17.4.33213.308
MinimumVisualStudioVersion = 10.0.40219.1
Project("{FAE04EC0-301F-11D3-BF4B-00C04F79EFBC}") = "Week3IfAndSwitch", "Week3IfAndSwitch\Week3IfAndSwitch.csproj", "{E9632400-7C84-4E0E-9A2F-3808DA69840A}"
EndProject
Project("{FAE04EC0-301F-11D3-BF4B-00C04F79EFBC}") = "OddOrEven", "OddOrEven\OddOrEven.csproj", "{067657F9-F8AE-41F4-84A1-A6DBD699ECE6}"
EndProject
Project("{FAE04EC0-301F-11D3-BF4B-00C04F79EFBC}") = "IfDayOfTheWeek", "IfDayOfTheWeek\IfDayOfTheWeek.csproj", "{378586B5-04DC-4896-96A1-4B5FE6E63445}"
EndProject
Project("{FAE04EC0-301F-11D3-BF4B-00C04F79EFBC}") = "SwitchDayOfTheWeek", "SwitchDayOfTheWeek\SwitchDayOfTheWeek.csproj", "{E9E6F0BF-DC30-45F3-8B0D-529EF94FBC31}"
EndProject
Global
	GlobalSection(SolutionConfigurationPlatforms) = preSolution
		Debug|Any CPU = Debug|Any CPU
		Release|Any CPU = Release|Any CPU
	EndGlobalSection
	GlobalSection(ProjectConfigurationPlatforms) = postSolution
		{E9632400-7C84-4E0E-9A2F-3808DA69840A}.Debug|Any CPU.ActiveCfg = Debug|Any CPU
		{E9632400-7C84-4E0E-9A2F-3808DA69840A}.Debug|Any CPU.Build.0 = Debug|Any CPU
		{E9632400-7C84-4E0E-9A2F-3808DA69840A}.Release|Any CPU.ActiveCfg = Release|Any CPU
		{E9632400-7C84-4E0E-9A2F-3808DA69840A}.Release|Any CPU.Build.0 = Release|Any CPU
		{067657F9-F8AE-41F4-84A1-A6DBD699ECE6}.Debug|Any CPU.ActiveCfg = Debug|Any CPU
		{067657F9-F8AE-41F4-84A1-A6DBD699ECE6}.Debug|Any CPU.Build.0 = Debug|Any CPU
		{067657F9-F8AE-41F4-84A1-A6DBD699ECE6}.Release|Any CPU.ActiveCfg = Release|Any CPU
		{067657F9-F8AE-41F4-84A1-A6DBD699ECE6}.Release|Any CPU.Build.0 = Release|Any CPU
		{378586B5-04DC-4896-96A1-4B5FE6E63445}.Debug|Any CPU.ActiveCfg = Debug|Any CPU
		{378586B5-04DC-4896-96A1-4B5FE6E63445}.Debug|Any CPU.Build.0 = Debug|Any CPU
		{378586B5-04DC-4896-96A1-4B5FE6E63445}.Release|Any CPU.ActiveCfg = Release|Any CPU
		{378586B5-04DC-4896-96A1-4B5FE6E63445}.Release|Any CPU.Build.0 = Release|Any CPU
		{E9E6F0BF-DC30-45F3-8B0D-529EF94FBC31}.Debug|Any CPU.ActiveCfg = Debug|Any CPU
		{E9E6F0BF-DC30-45F3-8B0D-529EF94FBC31}.Debug|Any CPU.Build.0 = Debug|Any CPU
		{E9E6F0BF-DC30-45F3-8B0D-529EF94FBC31}.Release|Any CPU.ActiveCfg = Release|Any CPU
		{E9E6F0BF-DC30-45F3-8B0D-529EF94FBC31}.Release|Any CPU.Build.0 = Release|Any CPU
	EndGlobalSection
	GlobalSection(SolutionProperties) = preSolution
		HideSolutionNode = FALSE
	EndGlobalSection
	GlobalSection(ExtensibilityGlobals) = postSolution
		SolutionGuid = {1532307B-3A80-471C-800D-AD92B36B2DB4}
	EndGlobalSection
EndGlobal
